
Microsoft Visual Studio Solution File, Format Version 12.00
# Visual Studio Version 17
VisualStudioVersion = 17.0.31903.59
MinimumVisualStudioVersion = 10.0.40219.1
Project("{FAE04EC0-301F-11D3-BF4B-00C04F79EFBC}") = "UserApi", "UserApi\UserApi.csproj", "{09E89079-B3F2-4DBE-9279-A05B2D1EEC22}"
EndProject
Project("{FAE04EC0-301F-11D3-BF4B-00C04F79EFBC}") = "UserTest", "UserTest\UserTest.csproj", "{9126BFA4-C262-43A0-9A7C-EF3B7C168E7F}"
EndProject
Global
	GlobalSection(SolutionConfigurationPlatforms) = preSolution
		Debug|Any CPU = Debug|Any CPU
		Release|Any CPU = Release|Any CPU
	EndGlobalSection
	GlobalSection(SolutionProperties) = preSolution
		HideSolutionNode = FALSE
	EndGlobalSection
	GlobalSection(ProjectConfigurationPlatforms) = postSolution
		{09E89079-B3F2-4DBE-9279-A05B2D1EEC22}.Debug|Any CPU.ActiveCfg = Debug|Any CPU
		{09E89079-B3F2-4DBE-9279-A05B2D1EEC22}.Debug|Any CPU.Build.0 = Debug|Any CPU
		{09E89079-B3F2-4DBE-9279-A05B2D1EEC22}.Release|Any CPU.ActiveCfg = Release|Any CPU
		{09E89079-B3F2-4DBE-9279-A05B2D1EEC22}.Release|Any CPU.Build.0 = Release|Any CPU
		{9126BFA4-C262-43A0-9A7C-EF3B7C168E7F}.Debug|Any CPU.ActiveCfg = Debug|Any CPU
		{9126BFA4-C262-43A0-9A7C-EF3B7C168E7F}.Debug|Any CPU.Build.0 = Debug|Any CPU
		{9126BFA4-C262-43A0-9A7C-EF3B7C168E7F}.Release|Any CPU.ActiveCfg = Release|Any CPU
		{9126BFA4-C262-43A0-9A7C-EF3B7C168E7F}.Release|Any CPU.Build.0 = Release|Any CPU
	EndGlobalSection
EndGlobal
